
Microsoft Visual Studio Solution File, Format Version 12.00
# Visual Studio Version 16
VisualStudioVersion = 16.0.31613.86
MinimumVisualStudioVersion = 10.0.40219.1
Project("{FAE04EC0-301F-11D3-BF4B-00C04F79EFBC}") = "StreamReaderWriter", "StreamReaderWriter\StreamReaderWriter.csproj", "{671BC0A7-9087-42B3-BED9-54B9760A1484}"
EndProject
Global
	GlobalSection(SolutionConfigurationPlatforms) = preSolution
		Debug|Any CPU = Debug|Any CPU
		Release|Any CPU = Release|Any CPU
	EndGlobalSection
	GlobalSection(ProjectConfigurationPlatforms) = postSolution
		{671BC0A7-9087-42B3-BED9-54B9760A1484}.Debug|Any CPU.ActiveCfg = Debug|Any CPU
		{671BC0A7-9087-42B3-BED9-54B9760A1484}.Debug|Any CPU.Build.0 = Debug|Any CPU
		{671BC0A7-9087-42B3-BED9-54B9760A1484}.Release|Any CPU.ActiveCfg = Release|Any CPU
		{671BC0A7-9087-42B3-BED9-54B9760A1484}.Release|Any CPU.Build.0 = Release|Any CPU
	EndGlobalSection
	GlobalSection(SolutionProperties) = preSolution
		HideSolutionNode = FALSE
	EndGlobalSection
	GlobalSection(ExtensibilityGlobals) = postSolution
		SolutionGuid = {C990C69D-E30F-4896-AE59-8B8A19F9ABFE}
	EndGlobalSection
EndGlobal
